// !$*UTF8*$!
{
	archiveVersion = 1;
	classes = {
	};
	objectVersion = 46;
	objects = {

/* Begin PBXBuildFile section */
		0A0752AE1C4DD1B100A9651F /* Query.swift in Sources */ = {isa = PBXBuildFile; fileRef = 0A0752AD1C4DD1B100A9651F /* Query.swift */; };
		0A0752B21C4DE3A200A9651F /* Requests.swift in Sources */ = {isa = PBXBuildFile; fileRef = 0A0752B11C4DE3A200A9651F /* Requests.swift */; };
		0A8111B51C4DB99800A219A9 /* AppDelegate.swift in Sources */ = {isa = PBXBuildFile; fileRef = 0A8111B41C4DB99800A219A9 /* AppDelegate.swift */; };
		0A8111B71C4DB99800A219A9 /* PhotoGridViewController.swift in Sources */ = {isa = PBXBuildFile; fileRef = 0A8111B61C4DB99800A219A9 /* PhotoGridViewController.swift */; };
		0A8111BA1C4DB99800A219A9 /* Main.storyboard in Resources */ = {isa = PBXBuildFile; fileRef = 0A8111B81C4DB99800A219A9 /* Main.storyboard */; };
		0A8111BC1C4DB99800A219A9 /* Assets.xcassets in Resources */ = {isa = PBXBuildFile; fileRef = 0A8111BB1C4DB99800A219A9 /* Assets.xcassets */; };
		0A8111BF1C4DB99800A219A9 /* LaunchScreen.storyboard in Resources */ = {isa = PBXBuildFile; fileRef = 0A8111BD1C4DB99800A219A9 /* LaunchScreen.storyboard */; };
		0A8111CA1C4DB99800A219A9 /* RxRoverTests.swift in Sources */ = {isa = PBXBuildFile; fileRef = 0A8111C91C4DB99800A219A9 /* RxRoverTests.swift */; };
		0A8111D51C4DB99800A219A9 /* RxRoverUITests.swift in Sources */ = {isa = PBXBuildFile; fileRef = 0A8111D41C4DB99800A219A9 /* RxRoverUITests.swift */; };
		0A8111E31C4DC95500A219A9 /* Rover.swift in Sources */ = {isa = PBXBuildFile; fileRef = 0A8111E21C4DC95500A219A9 /* Rover.swift */; };
		0A8111E51C4DCB0900A219A9 /* Camera.swift in Sources */ = {isa = PBXBuildFile; fileRef = 0A8111E41C4DCB0900A219A9 /* Camera.swift */; };
		0A8111E71C4DCBA200A219A9 /* Photo.swift in Sources */ = {isa = PBXBuildFile; fileRef = 0A8111E61C4DCBA200A219A9 /* Photo.swift */; };
		0A8111E91C4DCC3100A219A9 /* MapPlist.swift in Sources */ = {isa = PBXBuildFile; fileRef = 0A8111E81C4DCC3100A219A9 /* MapPlist.swift */; };
		0A8111EB1C4DCEBD00A219A9 /* defaultRover.json in Resources */ = {isa = PBXBuildFile; fileRef = 0A8111EA1C4DCEBD00A219A9 /* defaultRover.json */; };
		0AACF6CA1C4E0D7E00BBAE61 /* PhotoCell.swift in Sources */ = {isa = PBXBuildFile; fileRef = 0AACF6C81C4E0D7E00BBAE61 /* PhotoCell.swift */; };
		0AACF6CB1C4E0D7E00BBAE61 /* PhotoCell.xib in Resources */ = {isa = PBXBuildFile; fileRef = 0AACF6C91C4E0D7E00BBAE61 /* PhotoCell.xib */; };
		0AFD24361C4EAC670067333E /* ImageCache.swift in Sources */ = {isa = PBXBuildFile; fileRef = 0AFD24351C4EAC670067333E /* ImageCache.swift */; };
		DDA92F2479054C395E08328F /* Pods.framework in Frameworks */ = {isa = PBXBuildFile; fileRef = 8C6E8B758D83C0190B907386 /* Pods.framework */; };
/* End PBXBuildFile section */

/* Begin PBXContainerItemProxy section */
		0A8111C61C4DB99800A219A9 /* PBXContainerItemProxy */ = {
			isa = PBXContainerItemProxy;
			containerPortal = 0A8111A91C4DB99800A219A9 /* Project object */;
			proxyType = 1;
			remoteGlobalIDString = 0A8111B01C4DB99800A219A9;
			remoteInfo = RxRover;
		};
		0A8111D11C4DB99800A219A9 /* PBXContainerItemProxy */ = {
			isa = PBXContainerItemProxy;
			containerPortal = 0A8111A91C4DB99800A219A9 /* Project object */;
			proxyType = 1;
			remoteGlobalIDString = 0A8111B01C4DB99800A219A9;
			remoteInfo = RxRover;
		};
/* End PBXContainerItemProxy section */

/* Begin PBXFileReference section */
		0A0752AD1C4DD1B100A9651F /* Query.swift */ = {isa = PBXFileReference; fileEncoding = 4; lastKnownFileType = sourcecode.swift; path = Query.swift; sourceTree = "<group>"; };
		0A0752B11C4DE3A200A9651F /* Requests.swift */ = {isa = PBXFileReference; fileEncoding = 4; lastKnownFileType = sourcecode.swift; path = Requests.swift; sourceTree = "<group>"; };
		0A8111B11C4DB99800A219A9 /* RxRover.app */ = {isa = PBXFileReference; explicitFileType = wrapper.application; includeInIndex = 0; path = RxRover.app; sourceTree = BUILT_PRODUCTS_DIR; };
		0A8111B41C4DB99800A219A9 /* AppDelegate.swift */ = {isa = PBXFileReference; lastKnownFileType = sourcecode.swift; path = AppDelegate.swift; sourceTree = "<group>"; };
		0A8111B61C4DB99800A219A9 /* PhotoGridViewController.swift */ = {isa = PBXFileReference; lastKnownFileType = sourcecode.swift; path = PhotoGridViewController.swift; sourceTree = "<group>"; };
		0A8111B91C4DB99800A219A9 /* Base */ = {isa = PBXFileReference; lastKnownFileType = file.storyboard; name = Base; path = Base.lproj/Main.storyboard; sourceTree = "<group>"; };
		0A8111BB1C4DB99800A219A9 /* Assets.xcassets */ = {isa = PBXFileReference; lastKnownFileType = folder.assetcatalog; path = Assets.xcassets; sourceTree = "<group>"; };
		0A8111BE1C4DB99800A219A9 /* Base */ = {isa = PBXFileReference; lastKnownFileType = file.storyboard; name = Base; path = Base.lproj/LaunchScreen.storyboard; sourceTree = "<group>"; };
		0A8111C01C4DB99800A219A9 /* Info.plist */ = {isa = PBXFileReference; lastKnownFileType = text.plist.xml; path = Info.plist; sourceTree = "<group>"; };
		0A8111C51C4DB99800A219A9 /* RxRover.xctest */ = {isa = PBXFileReference; explicitFileType = wrapper.cfbundle; includeInIndex = 0; path = RxRover.xctest; sourceTree = BUILT_PRODUCTS_DIR; };
		0A8111C91C4DB99800A219A9 /* RxRoverTests.swift */ = {isa = PBXFileReference; lastKnownFileType = sourcecode.swift; path = RxRoverTests.swift; sourceTree = "<group>"; };
		0A8111CB1C4DB99800A219A9 /* Info.plist */ = {isa = PBXFileReference; lastKnownFileType = text.plist.xml; path = Info.plist; sourceTree = "<group>"; };
		0A8111D01C4DB99800A219A9 /* RxRover.xctest */ = {isa = PBXFileReference; explicitFileType = wrapper.cfbundle; includeInIndex = 0; path = RxRover.xctest; sourceTree = BUILT_PRODUCTS_DIR; };
		0A8111D41C4DB99800A219A9 /* RxRoverUITests.swift */ = {isa = PBXFileReference; lastKnownFileType = sourcecode.swift; path = RxRoverUITests.swift; sourceTree = "<group>"; };
		0A8111D61C4DB99800A219A9 /* Info.plist */ = {isa = PBXFileReference; lastKnownFileType = text.plist.xml; path = Info.plist; sourceTree = "<group>"; };
		0A8111E21C4DC95500A219A9 /* Rover.swift */ = {isa = PBXFileReference; fileEncoding = 4; lastKnownFileType = sourcecode.swift; path = Rover.swift; sourceTree = "<group>"; };
		0A8111E41C4DCB0900A219A9 /* Camera.swift */ = {isa = PBXFileReference; fileEncoding = 4; lastKnownFileType = sourcecode.swift; path = Camera.swift; sourceTree = "<group>"; };
		0A8111E61C4DCBA200A219A9 /* Photo.swift */ = {isa = PBXFileReference; fileEncoding = 4; lastKnownFileType = sourcecode.swift; path = Photo.swift; sourceTree = "<group>"; };
		0A8111E81C4DCC3100A219A9 /* MapPlist.swift */ = {isa = PBXFileReference; fileEncoding = 4; lastKnownFileType = sourcecode.swift; path = MapPlist.swift; sourceTree = "<group>"; };
		0A8111EA1C4DCEBD00A219A9 /* defaultRover.json */ = {isa = PBXFileReference; fileEncoding = 4; lastKnownFileType = text.json; path = defaultRover.json; sourceTree = "<group>"; };
		0AACF6C81C4E0D7E00BBAE61 /* PhotoCell.swift */ = {isa = PBXFileReference; fileEncoding = 4; lastKnownFileType = sourcecode.swift; path = PhotoCell.swift; sourceTree = "<group>"; };
		0AACF6C91C4E0D7E00BBAE61 /* PhotoCell.xib */ = {isa = PBXFileReference; fileEncoding = 4; lastKnownFileType = file.xib; path = PhotoCell.xib; sourceTree = "<group>"; };
		0AFD24351C4EAC670067333E /* ImageCache.swift */ = {isa = PBXFileReference; fileEncoding = 4; lastKnownFileType = sourcecode.swift; path = ImageCache.swift; sourceTree = "<group>"; };
		840A62B74AEF73154E9CAC46 /* Pods.release.xcconfig */ = {isa = PBXFileReference; includeInIndex = 1; lastKnownFileType = text.xcconfig; name = Pods.release.xcconfig; path = "Pods/Target Support Files/Pods/Pods.release.xcconfig"; sourceTree = "<group>"; };
		853401D957CB456C05FA016D /* Pods.debug.xcconfig */ = {isa = PBXFileReference; includeInIndex = 1; lastKnownFileType = text.xcconfig; name = Pods.debug.xcconfig; path = "Pods/Target Support Files/Pods/Pods.debug.xcconfig"; sourceTree = "<group>"; };
		8C6E8B758D83C0190B907386 /* Pods.framework */ = {isa = PBXFileReference; explicitFileType = wrapper.framework; includeInIndex = 0; path = Pods.framework; sourceTree = BUILT_PRODUCTS_DIR; };
/* End PBXFileReference section */

/* Begin PBXFrameworksBuildPhase section */
		0A8111AE1C4DB99800A219A9 /* Frameworks */ = {
			isa = PBXFrameworksBuildPhase;
			buildActionMask = 2147483647;
			files = (
				DDA92F2479054C395E08328F /* Pods.framework in Frameworks */,
			);
			runOnlyForDeploymentPostprocessing = 0;
		};
		0A8111C21C4DB99800A219A9 /* Frameworks */ = {
			isa = PBXFrameworksBuildPhase;
			buildActionMask = 2147483647;
			files = (
			);
			runOnlyForDeploymentPostprocessing = 0;
		};
		0A8111CD1C4DB99800A219A9 /* Frameworks */ = {
			isa = PBXFrameworksBuildPhase;
			buildActionMask = 2147483647;
			files = (
			);
			runOnlyForDeploymentPostprocessing = 0;
		};
/* End PBXFrameworksBuildPhase section */

/* Begin PBXGroup section */
		0A0752AF1C4DD36A00A9651F /* Models */ = {
			isa = PBXGroup;
			children = (
				0A8111E81C4DCC3100A219A9 /* MapPlist.swift */,
				0A8111E21C4DC95500A219A9 /* Rover.swift */,
				0A8111E41C4DCB0900A219A9 /* Camera.swift */,
				0A8111E61C4DCBA200A219A9 /* Photo.swift */,
				0A0752AD1C4DD1B100A9651F /* Query.swift */,
			);
			name = Models;
			sourceTree = "<group>";
		};
		0A0752B01C4DD3A900A9651F /* Resources */ = {
			isa = PBXGroup;
			children = (
				0A8111BB1C4DB99800A219A9 /* Assets.xcassets */,
				0A8111BD1C4DB99800A219A9 /* LaunchScreen.storyboard */,
				0A8111C01C4DB99800A219A9 /* Info.plist */,
				0A8111EA1C4DCEBD00A219A9 /* defaultRover.json */,
			);
			name = Resources;
			sourceTree = "<group>";
		};
		0A8111A81C4DB99800A219A9 = {
			isa = PBXGroup;
			children = (
				0A8111B31C4DB99800A219A9 /* RxRover */,
				0A8111C81C4DB99800A219A9 /* RxRoverTests */,
				0A8111D31C4DB99800A219A9 /* RxRoverUITests */,
				0A8111B21C4DB99800A219A9 /* Products */,
				921CAEEC4E533883DA38D684 /* Pods */,
				1997EDAF257F02DE26A27E9B /* Frameworks */,
			);
			sourceTree = "<group>";
		};
		0A8111B21C4DB99800A219A9 /* Products */ = {
			isa = PBXGroup;
			children = (
				0A8111B11C4DB99800A219A9 /* RxRover.app */,
				0A8111C51C4DB99800A219A9 /* RxRover.xctest */,
				0A8111D01C4DB99800A219A9 /* RxRover.xctest */,
			);
			name = Products;
			sourceTree = "<group>";
		};
		0A8111B31C4DB99800A219A9 /* RxRover */ = {
			isa = PBXGroup;
			children = (
				0A0752B01C4DD3A900A9651F /* Resources */,
				0A8111B41C4DB99800A219A9 /* AppDelegate.swift */,
				0A0752AF1C4DD36A00A9651F /* Models */,
				0AFD24371C4EAD2D0067333E /* Communication */,
				0AFD24381C4EAD500067333E /* Views */,
			);
			path = RxRover;
			sourceTree = "<group>";
		};
		0A8111C81C4DB99800A219A9 /* RxRoverTests */ = {
			isa = PBXGroup;
			children = (
				0A8111C91C4DB99800A219A9 /* RxRoverTests.swift */,
				0A8111CB1C4DB99800A219A9 /* Info.plist */,
			);
			path = RxRoverTests;
			sourceTree = "<group>";
		};
		0A8111D31C4DB99800A219A9 /* RxRoverUITests */ = {
			isa = PBXGroup;
			children = (
				0A8111D41C4DB99800A219A9 /* RxRoverUITests.swift */,
				0A8111D61C4DB99800A219A9 /* Info.plist */,
			);
			path = RxRoverUITests;
			sourceTree = "<group>";
		};
		0AFD24371C4EAD2D0067333E /* Communication */ = {
			isa = PBXGroup;
			children = (
				0A0752B11C4DE3A200A9651F /* Requests.swift */,
				0AFD24351C4EAC670067333E /* ImageCache.swift */,
			);
			name = Communication;
			sourceTree = "<group>";
		};
		0AFD24381C4EAD500067333E /* Views */ = {
			isa = PBXGroup;
			children = (
				0A8111B81C4DB99800A219A9 /* Main.storyboard */,
				0A8111B61C4DB99800A219A9 /* PhotoGridViewController.swift */,
				0AACF6C81C4E0D7E00BBAE61 /* PhotoCell.swift */,
				0AACF6C91C4E0D7E00BBAE61 /* PhotoCell.xib */,
			);
			name = Views;
			sourceTree = "<group>";
		};
		1997EDAF257F02DE26A27E9B /* Frameworks */ = {
			isa = PBXGroup;
			children = (
				8C6E8B758D83C0190B907386 /* Pods.framework */,
			);
			name = Frameworks;
			sourceTree = "<group>";
		};
		921CAEEC4E533883DA38D684 /* Pods */ = {
			isa = PBXGroup;
			children = (
				853401D957CB456C05FA016D /* Pods.debug.xcconfig */,
				840A62B74AEF73154E9CAC46 /* Pods.release.xcconfig */,
			);
			name = Pods;
			sourceTree = "<group>";
		};
/* End PBXGroup section */

/* Begin PBXNativeTarget section */
		0A8111B01C4DB99800A219A9 /* RxRover */ = {
			isa = PBXNativeTarget;
			buildConfigurationList = 0A8111D91C4DB99800A219A9 /* Build configuration list for PBXNativeTarget "RxRover" */;
			buildPhases = (
				00C58220D97E1FA47D2C6E62 /* Check Pods Manifest.lock */,
				0A8111AD1C4DB99800A219A9 /* Sources */,
				0A8111AE1C4DB99800A219A9 /* Frameworks */,
				0A8111AF1C4DB99800A219A9 /* Resources */,
				B2E405D64416D107D4104793 /* Embed Pods Frameworks */,
				A35791B018D7303B9C9ACCCE /* Copy Pods Resources */,
			);
			buildRules = (
			);
			dependencies = (
			);
			name = RxRover;
			productName = RxRover;
			productReference = 0A8111B11C4DB99800A219A9 /* RxRover.app */;
			productType = "com.apple.product-type.application";
		};
		0A8111C41C4DB99800A219A9 /* RxRoverTests */ = {
			isa = PBXNativeTarget;
			buildConfigurationList = 0A8111DC1C4DB99800A219A9 /* Build configuration list for PBXNativeTarget "RxRoverTests" */;
			buildPhases = (
				0A8111C11C4DB99800A219A9 /* Sources */,
				0A8111C21C4DB99800A219A9 /* Frameworks */,
				0A8111C31C4DB99800A219A9 /* Resources */,
			);
			buildRules = (
			);
			dependencies = (
				0A8111C71C4DB99800A219A9 /* PBXTargetDependency */,
			);
			name = RxRoverTests;
			productName = RxRoverTests;
			productReference = 0A8111C51C4DB99800A219A9 /* RxRover.xctest */;
			productType = "com.apple.product-type.bundle.unit-test";
		};
		0A8111CF1C4DB99800A219A9 /* RxRoverUITests */ = {
			isa = PBXNativeTarget;
			buildConfigurationList = 0A8111DF1C4DB99800A219A9 /* Build configuration list for PBXNativeTarget "RxRoverUITests" */;
			buildPhases = (
				0A8111CC1C4DB99800A219A9 /* Sources */,
				0A8111CD1C4DB99800A219A9 /* Frameworks */,
				0A8111CE1C4DB99800A219A9 /* Resources */,
			);
			buildRules = (
			);
			dependencies = (
				0A8111D21C4DB99800A219A9 /* PBXTargetDependency */,
			);
			name = RxRoverUITests;
			productName = RxRoverUITests;
			productReference = 0A8111D01C4DB99800A219A9 /* RxRover.xctest */;
			productType = "com.apple.product-type.bundle.ui-testing";
		};
/* End PBXNativeTarget section */

/* Begin PBXProject section */
		0A8111A91C4DB99800A219A9 /* Project object */ = {
			isa = PBXProject;
			attributes = {
				LastSwiftUpdateCheck = 0720;
				LastUpgradeCheck = 0720;
				ORGANIZATIONNAME = "Kevin Conner";
				TargetAttributes = {
					0A8111B01C4DB99800A219A9 = {
						CreatedOnToolsVersion = 7.2;
					};
					0A8111C41C4DB99800A219A9 = {
						CreatedOnToolsVersion = 7.2;
						TestTargetID = 0A8111B01C4DB99800A219A9;
					};
					0A8111CF1C4DB99800A219A9 = {
						CreatedOnToolsVersion = 7.2;
						TestTargetID = 0A8111B01C4DB99800A219A9;
					};
				};
			};
			buildConfigurationList = 0A8111AC1C4DB99800A219A9 /* Build configuration list for PBXProject "RxRover" */;
			compatibilityVersion = "Xcode 3.2";
			developmentRegion = English;
			hasScannedForEncodings = 0;
			knownRegions = (
				en,
				Base,
			);
			mainGroup = 0A8111A81C4DB99800A219A9;
			productRefGroup = 0A8111B21C4DB99800A219A9 /* Products */;
			projectDirPath = "";
			projectRoot = "";
			targets = (
				0A8111B01C4DB99800A219A9 /* RxRover */,
				0A8111C41C4DB99800A219A9 /* RxRoverTests */,
				0A8111CF1C4DB99800A219A9 /* RxRoverUITests */,
			);
		};
/* End PBXProject section */

/* Begin PBXResourcesBuildPhase section */
		0A8111AF1C4DB99800A219A9 /* Resources */ = {
			isa = PBXResourcesBuildPhase;
			buildActionMask = 2147483647;
			files = (
				0A8111EB1C4DCEBD00A219A9 /* defaultRover.json in Resources */,
				0A8111BF1C4DB99800A219A9 /* LaunchScreen.storyboard in Resources */,
				0A8111BC1C4DB99800A219A9 /* Assets.xcassets in Resources */,
				0A8111BA1C4DB99800A219A9 /* Main.storyboard in Resources */,
				0AACF6CB1C4E0D7E00BBAE61 /* PhotoCell.xib in Resources */,
			);
			runOnlyForDeploymentPostprocessing = 0;
		};
		0A8111C31C4DB99800A219A9 /* Resources */ = {
			isa = PBXResourcesBuildPhase;
			buildActionMask = 2147483647;
			files = (
			);
			runOnlyForDeploymentPostprocessing = 0;
		};
		0A8111CE1C4DB99800A219A9 /* Resources */ = {
			isa = PBXResourcesBuildPhase;
			buildActionMask = 2147483647;
			files = (
			);
			runOnlyForDeploymentPostprocessing = 0;
		};
/* End PBXResourcesBuildPhase section */

/* Begin PBXShellScriptBuildPhase section */
		00C58220D97E1FA47D2C6E62 /* Check Pods Manifest.lock */ = {
			isa = PBXShellScriptBuildPhase;
			buildActionMask = 2147483647;
			files = (
			);
			inputPaths = (
			);
			name = "Check Pods Manifest.lock";
			outputPaths = (
			);
			runOnlyForDeploymentPostprocessing = 0;
			shellPath = /bin/sh;
			shellScript = "diff \"${PODS_ROOT}/../Podfile.lock\" \"${PODS_ROOT}/Manifest.lock\" > /dev/null\nif [[ $? != 0 ]] ; then\n    cat << EOM\nerror: The sandbox is not in sync with the Podfile.lock. Run 'pod install' or update your CocoaPods installation.\nEOM\n    exit 1\nfi\n";
			showEnvVarsInLog = 0;
		};
		A35791B018D7303B9C9ACCCE /* Copy Pods Resources */ = {
			isa = PBXShellScriptBuildPhase;
			buildActionMask = 2147483647;
			files = (
			);
			inputPaths = (
			);
			name = "Copy Pods Resources";
			outputPaths = (
			);
			runOnlyForDeploymentPostprocessing = 0;
			shellPath = /bin/sh;
			shellScript = "\"${SRCROOT}/Pods/Target Support Files/Pods/Pods-resources.sh\"\n";
			showEnvVarsInLog = 0;
		};
		B2E405D64416D107D4104793 /* Embed Pods Frameworks */ = {
			isa = PBXShellScriptBuildPhase;
			buildActionMask = 2147483647;
			files = (
			);
			inputPaths = (
			);
			name = "Embed Pods Frameworks";
			outputPaths = (
			);
			runOnlyForDeploymentPostprocessing = 0;
			shellPath = /bin/sh;
			shellScript = "\"${SRCROOT}/Pods/Target Support Files/Pods/Pods-frameworks.sh\"\n";
			showEnvVarsInLog = 0;
		};
/* End PBXShellScriptBuildPhase section */

/* Begin PBXSourcesBuildPhase section */
		0A8111AD1C4DB99800A219A9 /* Sources */ = {
			isa = PBXSourcesBuildPhase;
			buildActionMask = 2147483647;
			files = (
				0AFD24361C4EAC670067333E /* ImageCache.swift in Sources */,
				0A8111E51C4DCB0900A219A9 /* Camera.swift in Sources */,
				0AACF6CA1C4E0D7E00BBAE61 /* PhotoCell.swift in Sources */,
				0A0752AE1C4DD1B100A9651F /* Query.swift in Sources */,
				0A8111B71C4DB99800A219A9 /* PhotoGridViewController.swift in Sources */,
				0A8111B51C4DB99800A219A9 /* AppDelegate.swift in Sources */,
				0A8111E31C4DC95500A219A9 /* Rover.swift in Sources */,
				0A8111E71C4DCBA200A219A9 /* Photo.swift in Sources */,
				0A0752B21C4DE3A200A9651F /* Requests.swift in Sources */,
				0A8111E91C4DCC3100A219A9 /* MapPlist.swift in Sources */,
			);
			runOnlyForDeploymentPostprocessing = 0;
		};
		0A8111C11C4DB99800A219A9 /* Sources */ = {
			isa = PBXSourcesBuildPhase;
			buildActionMask = 2147483647;
			files = (
				0A8111CA1C4DB99800A219A9 /* RxRoverTests.swift in Sources */,
			);
			runOnlyForDeploymentPostprocessing = 0;
		};
		0A8111CC1C4DB99800A219A9 /* Sources */ = {
			isa = PBXSourcesBuildPhase;
			buildActionMask = 2147483647;
			files = (
				0A8111D51C4DB99800A219A9 /* RxRoverUITests.swift in Sources */,
			);
			runOnlyForDeploymentPostprocessing = 0;
		};
/* End PBXSourcesBuildPhase section */

/* Begin PBXTargetDependency section */
		0A8111C71C4DB99800A219A9 /* PBXTargetDependency */ = {
			isa = PBXTargetDependency;
			target = 0A8111B01C4DB99800A219A9 /* RxRover */;
			targetProxy = 0A8111C61C4DB99800A219A9 /* PBXContainerItemProxy */;
		};
		0A8111D21C4DB99800A219A9 /* PBXTargetDependency */ = {
			isa = PBXTargetDependency;
			target = 0A8111B01C4DB99800A219A9 /* RxRover */;
			targetProxy = 0A8111D11C4DB99800A219A9 /* PBXContainerItemProxy */;
		};
/* End PBXTargetDependency section */

/* Begin PBXVariantGroup section */
		0A8111B81C4DB99800A219A9 /* Main.storyboard */ = {
			isa = PBXVariantGroup;
			children = (
				0A8111B91C4DB99800A219A9 /* Base */,
			);
			name = Main.storyboard;
			sourceTree = "<group>";
		};
		0A8111BD1C4DB99800A219A9 /* LaunchScreen.storyboard */ = {
			isa = PBXVariantGroup;
			children = (
				0A8111BE1C4DB99800A219A9 /* Base */,
			);
			name = LaunchScreen.storyboard;
			sourceTree = "<group>";
		};
/* End PBXVariantGroup section */

/* Begin XCBuildConfiguration section */
		0A8111D71C4DB99800A219A9 /* Debug */ = {
			isa = XCBuildConfiguration;
			buildSettings = {
				ALWAYS_SEARCH_USER_PATHS = NO;
				CLANG_CXX_LANGUAGE_STANDARD = "gnu++0x";
				CLANG_CXX_LIBRARY = "libc++";
				CLANG_ENABLE_MODULES = YES;
				CLANG_ENABLE_OBJC_ARC = YES;
				CLANG_WARN_BOOL_CONVERSION = YES;
				CLANG_WARN_CONSTANT_CONVERSION = YES;
				CLANG_WARN_DIRECT_OBJC_ISA_USAGE = YES_ERROR;
				CLANG_WARN_EMPTY_BODY = YES;
				CLANG_WARN_ENUM_CONVERSION = YES;
				CLANG_WARN_INT_CONVERSION = YES;
				CLANG_WARN_OBJC_ROOT_CLASS = YES_ERROR;
				CLANG_WARN_UNREACHABLE_CODE = YES;
				CLANG_WARN__DUPLICATE_METHOD_MATCH = YES;
				"CODE_SIGN_IDENTITY[sdk=iphoneos*]" = "iPhone Developer";
				COPY_PHASE_STRIP = NO;
				DEBUG_INFORMATION_FORMAT = dwarf;
				ENABLE_STRICT_OBJC_MSGSEND = YES;
				ENABLE_TESTABILITY = YES;
				GCC_C_LANGUAGE_STANDARD = gnu99;
				GCC_DYNAMIC_NO_PIC = NO;
				GCC_NO_COMMON_BLOCKS = YES;
				GCC_OPTIMIZATION_LEVEL = 0;
				GCC_PREPROCESSOR_DEFINITIONS = (
					"DEBUG=1",
					"$(inherited)",
				);
				GCC_WARN_64_TO_32_BIT_CONVERSION = YES;
				GCC_WARN_ABOUT_RETURN_TYPE = YES_ERROR;
				GCC_WARN_UNDECLARED_SELECTOR = YES;
				GCC_WARN_UNINITIALIZED_AUTOS = YES_AGGRESSIVE;
				GCC_WARN_UNUSED_FUNCTION = YES;
				GCC_WARN_UNUSED_VARIABLE = YES;
				IPHONEOS_DEPLOYMENT_TARGET = 9.2;
				MTL_ENABLE_DEBUG_INFO = YES;
				ONLY_ACTIVE_ARCH = YES;
				SDKROOT = iphoneos;
				SWIFT_OPTIMIZATION_LEVEL = "-Onone";
				TARGETED_DEVICE_FAMILY = "1,2";
			};
			name = Debug;
		};
		0A8111D81C4DB99800A219A9 /* Release */ = {
			isa = XCBuildConfiguration;
			buildSettings = {
				ALWAYS_SEARCH_USER_PATHS = NO;
				CLANG_CXX_LANGUAGE_STANDARD = "gnu++0x";
				CLANG_CXX_LIBRARY = "libc++";
				CLANG_ENABLE_MODULES = YES;
				CLANG_ENABLE_OBJC_ARC = YES;
				CLANG_WARN_BOOL_CONVERSION = YES;
				CLANG_WARN_CONSTANT_CONVERSION = YES;
				CLANG_WARN_DIRECT_OBJC_ISA_USAGE = YES_ERROR;
				CLANG_WARN_EMPTY_BODY = YES;
				CLANG_WARN_ENUM_CONVERSION = YES;
				CLANG_WARN_INT_CONVERSION = YES;
				CLANG_WARN_OBJC_ROOT_CLASS = YES_ERROR;
				CLANG_WARN_UNREACHABLE_CODE = YES;
				CLANG_WARN__DUPLICATE_METHOD_MATCH = YES;
				"CODE_SIGN_IDENTITY[sdk=iphoneos*]" = "iPhone Developer";
				COPY_PHASE_STRIP = NO;
				DEBUG_INFORMATION_FORMAT = "dwarf-with-dsym";
				ENABLE_NS_ASSERTIONS = NO;
				ENABLE_STRICT_OBJC_MSGSEND = YES;
				GCC_C_LANGUAGE_STANDARD = gnu99;
				GCC_NO_COMMON_BLOCKS = YES;
				GCC_WARN_64_TO_32_BIT_CONVERSION = YES;
				GCC_WARN_ABOUT_RETURN_TYPE = YES_ERROR;
				GCC_WARN_UNDECLARED_SELECTOR = YES;
				GCC_WARN_UNINITIALIZED_AUTOS = YES_AGGRESSIVE;
				GCC_WARN_UNUSED_FUNCTION = YES;
				GCC_WARN_UNUSED_VARIABLE = YES;
				IPHONEOS_DEPLOYMENT_TARGET = 9.2;
				MTL_ENABLE_DEBUG_INFO = NO;
				SDKROOT = iphoneos;
				TARGETED_DEVICE_FAMILY = "1,2";
				VALIDATE_PRODUCT = YES;
			};
			name = Release;
		};
		0A8111DA1C4DB99800A219A9 /* Debug */ = {
			isa = XCBuildConfiguration;
			baseConfigurationReference = 853401D957CB456C05FA016D /* Pods.debug.xcconfig */;
			buildSettings = {
				ASSETCATALOG_COMPILER_APPICON_NAME = AppIcon;
				INFOPLIST_FILE = RxRover/Info.plist;
				LD_RUNPATH_SEARCH_PATHS = "$(inherited) @executable_path/Frameworks";
				PRODUCT_BUNDLE_IDENTIFIER = com.kevinconner.RxRover;
				PRODUCT_NAME = RxRover;
			};
			name = Debug;
		};
		0A8111DB1C4DB99800A219A9 /* Release */ = {
			isa = XCBuildConfiguration;
			baseConfigurationReference = 840A62B74AEF73154E9CAC46 /* Pods.release.xcconfig */;
			buildSettings = {
				ASSETCATALOG_COMPILER_APPICON_NAME = AppIcon;
				INFOPLIST_FILE = RxRover/Info.plist;
				LD_RUNPATH_SEARCH_PATHS = "$(inherited) @executable_path/Frameworks";
				PRODUCT_BUNDLE_IDENTIFIER = com.kevinconner.RxRover;
				PRODUCT_NAME = RxRover;
			};
			name = Release;
		};
		0A8111DD1C4DB99800A219A9 /* Debug */ = {
			isa = XCBuildConfiguration;
			buildSettings = {
				BUNDLE_LOADER = "$(TEST_HOST)";
				INFOPLIST_FILE = RxRoverTests/Info.plist;
				LD_RUNPATH_SEARCH_PATHS = "$(inherited) @executable_path/Frameworks @loader_path/Frameworks";
				PRODUCT_BUNDLE_IDENTIFIER = com.kevinconner.RxRoverTests;
				PRODUCT_NAME = RxRover;
				TEST_HOST = "$(BUILT_PRODUCTS_DIR)/RxRover.app/RxRover";
			};
			name = Debug;
		};
		0A8111DE1C4DB99800A219A9 /* Release */ = {
			isa = XCBuildConfiguration;
			buildSettings = {
				BUNDLE_LOADER = "$(TEST_HOST)";
				INFOPLIST_FILE = RxRoverTests/Info.plist;
				LD_RUNPATH_SEARCH_PATHS = "$(inherited) @executable_path/Frameworks @loader_path/Frameworks";
				PRODUCT_BUNDLE_IDENTIFIER = com.kevinconner.RxRoverTests;
				PRODUCT_NAME = RxRover;
				TEST_HOST = "$(BUILT_PRODUCTS_DIR)/RxRover.app/RxRover";
			};
			name = Release;
		};
		0A8111E01C4DB99800A219A9 /* Debug */ = {
			isa = XCBuildConfiguration;
			buildSettings = {
				INFOPLIST_FILE = RxRoverUITests/Info.plist;
				LD_RUNPATH_SEARCH_PATHS = "$(inherited) @executable_path/Frameworks @loader_path/Frameworks";
				PRODUCT_BUNDLE_IDENTIFIER = com.kevinconner.RxRoverUITests;
				PRODUCT_NAME = RxRover;
				TEST_TARGET_NAME = RxRover;
				USES_XCTRUNNER = YES;
			};
			name = Debug;
		};
		0A8111E11C4DB99800A219A9 /* Release */ = {
			isa = XCBuildConfiguration;
			buildSettings = {
				INFOPLIST_FILE = RxRoverUITests/Info.plist;
				LD_RUNPATH_SEARCH_PATHS = "$(inherited) @executable_path/Frameworks @loader_path/Frameworks";
				PRODUCT_BUNDLE_IDENTIFIER = com.kevinconner.RxRoverUITests;
				PRODUCT_NAME = RxRover;
				TEST_TARGET_NAME = RxRover;
				USES_XCTRUNNER = YES;
			};
			name = Release;
		};
/* End XCBuildConfiguration section */

/* Begin XCConfigurationList section */
		0A8111AC1C4DB99800A219A9 /* Build configuration list for PBXProject "RxRover" */ = {
			isa = XCConfigurationList;
			buildConfigurations = (
				0A8111D71C4DB99800A219A9 /* Debug */,
				0A8111D81C4DB99800A219A9 /* Release */,
			);
			defaultConfigurationIsVisible = 0;
			defaultConfigurationName = Release;
		};
		0A8111D91C4DB99800A219A9 /* Build configuration list for PBXNativeTarget "RxRover" */ = {
			isa = XCConfigurationList;
			buildConfigurations = (
				0A8111DA1C4DB99800A219A9 /* Debug */,
				0A8111DB1C4DB99800A219A9 /* Release */,
			);
			defaultConfigurationIsVisible = 0;
			defaultConfigurationName = Release;
		};
		0A8111DC1C4DB99800A219A9 /* Build configuration list for PBXNativeTarget "RxRoverTests" */ = {
			isa = XCConfigurationList;
			buildConfigurations = (
				0A8111DD1C4DB99800A219A9 /* Debug */,
				0A8111DE1C4DB99800A219A9 /* Release */,
			);
			defaultConfigurationIsVisible = 0;
			defaultConfigurationName = Release;
		};
		0A8111DF1C4DB99800A219A9 /* Build configuration list for PBXNativeTarget "RxRoverUITests" */ = {
			isa = XCConfigurationList;
			buildConfigurations = (
				0A8111E01C4DB99800A219A9 /* Debug */,
				0A8111E11C4DB99800A219A9 /* Release */,
			);
			defaultConfigurationIsVisible = 0;
			defaultConfigurationName = Release;
		};
/* End XCConfigurationList section */
	};
	rootObject = 0A8111A91C4DB99800A219A9 /* Project object */;
}
